{
  "name": "helloworld",
  "version": "1.0.0",
  "lockfileVersion": 3,
  "requires": true,
  "packages": {
    "": {
      "name": "helloworld",
      "version": "1.0.0",
      "license": "ISC",
      "dependencies": {
        "@assemblyscript/loader": "^0.28.8",
        "wasm-ffi": "^0.3.0"
      },
      "devDependencies": {
        "@types/node": "^24.5.2",
        "assemblyscript": "^0.28.8"
      }
    },
    "node_modules/@assemblyscript/loader": {
      "version": "0.28.8",
      "resolved": "https://registry.npmjs.org/@assemblyscript/loader/-/loader-0.28.8.tgz",
      "integrity": "sha512-zGbXy/LwD5IIN3xa/n8BvS86jmBM6VSuW++P6AzNnh+cSocoVdnXwYoreOOT6QVTOec4vx2iujp7HBFarx0cZQ=="
    },
    "node_modules/@types/node": {
      "version": "24.5.2",
      "resolved": "https://registry.npmjs.org/@types/node/-/node-24.5.2.tgz",
      "integrity": "sha512-FYxk1I7wPv3K2XBaoyH2cTnocQEu8AOZ60hPbsyukMPLv5/5qr7V1i8PLHdl6Zf87I+xZXFvPCXYjiTFq+YSDQ==",
      "dev": true,
      "dependencies": {
        "undici-types": "~7.12.0"
      }
    },
    "node_modules/assemblyscript": {
      "version": "0.28.8",
      "resolved": "https://registry.npmjs.org/assemblyscript/-/assemblyscript-0.28.8.tgz",
      "integrity": "sha512-RtnvzuplmvWeOlYLgjb61jE/Uvj0LYxQ8KxfO+ARu2zOH69NNnS4gfSRDSq0CbM1qZw91kVd7QKmGZFxUlfQ8g==",
      "dev": true,
      "dependencies": {
        "binaryen": "123.0.0-nightly.20250530",
        "long": "^5.2.4"
      },
      "bin": {
        "asc": "bin/asc.js",
        "asinit": "bin/asinit.js"
      },
      "engines": {
        "node": ">=20",
        "npm": ">=10"
      },
      "funding": {
        "type": "opencollective",
        "url": "https://opencollective.com/assemblyscript"
      }
    },
    "node_modules/binaryen": {
      "version": "123.0.0-nightly.20250530",
      "resolved": "https://registry.npmjs.org/binaryen/-/binaryen-123.0.0-nightly.20250530.tgz",
      "integrity": "sha512-d1zPHBN5YlOd3Ff+OUxvVExuFeh8heSnqe+X3bjItFxGLvn4VGBKmrvv7pgy/cRhrIUGuPW138iaWfDhwjyDqg==",
      "dev": true,
      "bin": {
        "wasm-as": "bin/wasm-as",
        "wasm-ctor-eval": "bin/wasm-ctor-eval",
        "wasm-dis": "bin/wasm-dis",
        "wasm-merge": "bin/wasm-merge",
        "wasm-metadce": "bin/wasm-metadce",
        "wasm-opt": "bin/wasm-opt",
        "wasm-reduce": "bin/wasm-reduce",
        "wasm-shell": "bin/wasm-shell",
        "wasm2js": "bin/wasm2js"
      }
    },
    "node_modules/long": {
      "version": "5.3.2",
      "resolved": "https://registry.npmjs.org/long/-/long-5.3.2.tgz",
      "integrity": "sha512-mNAgZ1GmyNhD7AuqnTG3/VQ26o760+ZYBPKjPvugO8+nLbYfX6TVpJPseBvopbdY+qpZ/lKUnmEc1LeZYS3QAA==",
      "dev": true
    },
    "node_modules/undici-types": {
      "version": "7.12.0",
      "resolved": "https://registry.npmjs.org/undici-types/-/undici-types-7.12.0.tgz",
      "integrity": "sha512-goOacqME2GYyOZZfb5Lgtu+1IDmAlAEu5xnD3+xTzS10hT0vzpf0SPjkXwAw9Jm+4n/mQGDP3LO8CPbYROeBfQ==",
      "dev": true
    },
    "node_modules/wasm-ffi": {
      "version": "0.3.0",
      "resolved": "https://registry.npmjs.org/wasm-ffi/-/wasm-ffi-0.3.0.tgz",
      "integrity": "sha512-IbpRxIGXJSdJ2udiu/cgXTYwVykDQ2PJYBWJmNOxIXVU3q9NXiD8feE7oCB98By5k6ErjMwcXDcT40cX+mgBhw=="
    }
  }
}
